
Microsoft Visual Studio Solution File, Format Version 12.00
# Visual Studio Version 16
VisualStudioVersion = 16.0.31911.196
MinimumVisualStudioVersion = 10.0.40219.1
Project("{FAE04EC0-301F-11D3-BF4B-00C04F79EFBC}") = "EventsDemo-MVC", "EventsDemo-MVC\EventsDemo-MVC.csproj", "{35B2C98B-30AB-494B-8341-220B231F94E8}"
EndProject
Global
	GlobalSection(SolutionConfigurationPlatforms) = preSolution
		Debug|Any CPU = Debug|Any CPU
		Release|Any CPU = Release|Any CPU
	EndGlobalSection
	GlobalSection(ProjectConfigurationPlatforms) = postSolution
		{35B2C98B-30AB-494B-8341-220B231F94E8}.Debug|Any CPU.ActiveCfg = Debug|Any CPU
		{35B2C98B-30AB-494B-8341-220B231F94E8}.Debug|Any CPU.Build.0 = Debug|Any CPU
		{35B2C98B-30AB-494B-8341-220B231F94E8}.Release|Any CPU.ActiveCfg = Release|Any CPU
		{35B2C98B-30AB-494B-8341-220B231F94E8}.Release|Any CPU.Build.0 = Release|Any CPU
	EndGlobalSection
	GlobalSection(SolutionProperties) = preSolution
		HideSolutionNode = FALSE
	EndGlobalSection
	GlobalSection(ExtensibilityGlobals) = postSolution
		SolutionGuid = {0A05CB2F-98ED-4BB5-9D16-326C452F1245}
	EndGlobalSection
EndGlobal
