
Microsoft Visual Studio Solution File, Format Version 12.00
# Visual Studio Version 16
VisualStudioVersion = 16.0.31911.196
MinimumVisualStudioVersion = 10.0.40219.1
Project("{FAE04EC0-301F-11D3-BF4B-00C04F79EFBC}") = "TestMasterDetail", "TestMasterDetail\TestMasterDetail.csproj", "{707FE694-ADDD-4F56-93E0-D6D8B3CCC030}"
EndProject
Global
	GlobalSection(SolutionConfigurationPlatforms) = preSolution
		Debug|Any CPU = Debug|Any CPU
		Release|Any CPU = Release|Any CPU
	EndGlobalSection
	GlobalSection(ProjectConfigurationPlatforms) = postSolution
		{707FE694-ADDD-4F56-93E0-D6D8B3CCC030}.Debug|Any CPU.ActiveCfg = Debug|Any CPU
		{707FE694-ADDD-4F56-93E0-D6D8B3CCC030}.Debug|Any CPU.Build.0 = Debug|Any CPU
		{707FE694-ADDD-4F56-93E0-D6D8B3CCC030}.Release|Any CPU.ActiveCfg = Release|Any CPU
		{707FE694-ADDD-4F56-93E0-D6D8B3CCC030}.Release|Any CPU.Build.0 = Release|Any CPU
	EndGlobalSection
	GlobalSection(SolutionProperties) = preSolution
		HideSolutionNode = FALSE
	EndGlobalSection
	GlobalSection(ExtensibilityGlobals) = postSolution
		SolutionGuid = {53EE38B4-08C3-4929-B265-E3D11A32B1CB}
	EndGlobalSection
EndGlobal
